
Microsoft Visual Studio Solution File, Format Version 12.00
# Visual Studio Version 17
VisualStudioVersion = 17.4.33205.214
MinimumVisualStudioVersion = 10.0.40219.1
Project("{9A19103F-16F7-4668-BE54-9A1E7A4F7556}") = "Domain", "Domain\Domain.csproj", "{0361925D-37C0-426B-914B-A0DB2CC33F65}"
EndProject
Project("{9A19103F-16F7-4668-BE54-9A1E7A4F7556}") = "Infrastructure", "Infrastructure\Infrastructure.csproj", "{28D1431E-E061-4358-A1F1-27AF9D34E4C3}"
EndProject
Project("{9A19103F-16F7-4668-BE54-9A1E7A4F7556}") = "Services", "Services\Services.csproj", "{80519DDE-9C6F-48A3-8635-F544AEED2E94}"
EndProject
Project("{9A19103F-16F7-4668-BE54-9A1E7A4F7556}") = "ConsoleJob", "ConsoleJob\ConsoleJob.csproj", "{FF6D4B72-71E5-43EB-917C-53433D2B930A}"
EndProject
Global
	GlobalSection(SolutionConfigurationPlatforms) = preSolution
		Debug|Any CPU = Debug|Any CPU
		Release|Any CPU = Release|Any CPU
	EndGlobalSection
	GlobalSection(ProjectConfigurationPlatforms) = postSolution
		{0361925D-37C0-426B-914B-A0DB2CC33F65}.Debug|Any CPU.ActiveCfg = Debug|Any CPU
		{0361925D-37C0-426B-914B-A0DB2CC33F65}.Debug|Any CPU.Build.0 = Debug|Any CPU
		{0361925D-37C0-426B-914B-A0DB2CC33F65}.Release|Any CPU.ActiveCfg = Release|Any CPU
		{0361925D-37C0-426B-914B-A0DB2CC33F65}.Release|Any CPU.Build.0 = Release|Any CPU
		{28D1431E-E061-4358-A1F1-27AF9D34E4C3}.Debug|Any CPU.ActiveCfg = Debug|Any CPU
		{28D1431E-E061-4358-A1F1-27AF9D34E4C3}.Debug|Any CPU.Build.0 = Debug|Any CPU
		{28D1431E-E061-4358-A1F1-27AF9D34E4C3}.Release|Any CPU.ActiveCfg = Release|Any CPU
		{28D1431E-E061-4358-A1F1-27AF9D34E4C3}.Release|Any CPU.Build.0 = Release|Any CPU
		{80519DDE-9C6F-48A3-8635-F544AEED2E94}.Debug|Any CPU.ActiveCfg = Debug|Any CPU
		{80519DDE-9C6F-48A3-8635-F544AEED2E94}.Debug|Any CPU.Build.0 = Debug|Any CPU
		{80519DDE-9C6F-48A3-8635-F544AEED2E94}.Release|Any CPU.ActiveCfg = Release|Any CPU
		{80519DDE-9C6F-48A3-8635-F544AEED2E94}.Release|Any CPU.Build.0 = Release|Any CPU
		{FF6D4B72-71E5-43EB-917C-53433D2B930A}.Debug|Any CPU.ActiveCfg = Debug|Any CPU
		{FF6D4B72-71E5-43EB-917C-53433D2B930A}.Debug|Any CPU.Build.0 = Debug|Any CPU
		{FF6D4B72-71E5-43EB-917C-53433D2B930A}.Release|Any CPU.ActiveCfg = Release|Any CPU
		{FF6D4B72-71E5-43EB-917C-53433D2B930A}.Release|Any CPU.Build.0 = Release|Any CPU
	EndGlobalSection
	GlobalSection(SolutionProperties) = preSolution
		HideSolutionNode = FALSE
	EndGlobalSection
	GlobalSection(ExtensibilityGlobals) = postSolution
		SolutionGuid = {9EE6FE33-0EF3-4844-ACFC-94E739566671}
	EndGlobalSection
EndGlobal
